
Microsoft Visual Studio Solution File, Format Version 12.00
# Visual Studio Version 17
VisualStudioVersion = 17.10.35027.167
MinimumVisualStudioVersion = 10.0.40219.1
Project("{FAE04EC0-301F-11D3-BF4B-00C04F79EFBC}") = "TryCatchValidation", "TryCatchValidation\TryCatchValidation.csproj", "{0ABD2670-11C5-4108-8FD0-5ED16D124886}"
EndProject
Global
	GlobalSection(SolutionConfigurationPlatforms) = preSolution
		Debug|Any CPU = Debug|Any CPU
		Release|Any CPU = Release|Any CPU
	EndGlobalSection
	GlobalSection(ProjectConfigurationPlatforms) = postSolution
		{0ABD2670-11C5-4108-8FD0-5ED16D124886}.Debug|Any CPU.ActiveCfg = Debug|Any CPU
		{0ABD2670-11C5-4108-8FD0-5ED16D124886}.Debug|Any CPU.Build.0 = Debug|Any CPU
		{0ABD2670-11C5-4108-8FD0-5ED16D124886}.Release|Any CPU.ActiveCfg = Release|Any CPU
		{0ABD2670-11C5-4108-8FD0-5ED16D124886}.Release|Any CPU.Build.0 = Release|Any CPU
	EndGlobalSection
	GlobalSection(SolutionProperties) = preSolution
		HideSolutionNode = FALSE
	EndGlobalSection
	GlobalSection(ExtensibilityGlobals) = postSolution
		SolutionGuid = {3B330F39-A1C5-4DF7-A831-484B7E394DE9}
	EndGlobalSection
EndGlobal
